
Microsoft Visual Studio Solution File, Format Version 12.00
# Visual Studio 15
VisualStudioVersion = 15.0.27004.2002
MinimumVisualStudioVersion = 10.0.40219.1
Project("{FAE04EC0-301F-11D3-BF4B-00C04F79EFBC}") = "DataClassLibrary", "DataClassLibrary\DataClassLibrary.csproj", "{4F76290A-C514-4834-A5AF-C518097F09A4}"
EndProject
Project("{FAE04EC0-301F-11D3-BF4B-00C04F79EFBC}") = "OrderManagementClient", "Mvc3LetsShopProject\OrderManagementClient.csproj", "{E4F28634-28AB-41EB-805B-D258440ACF09}"
EndProject
Global
	GlobalSection(SolutionConfigurationPlatforms) = preSolution
		Debug|Any CPU = Debug|Any CPU
		Release|Any CPU = Release|Any CPU
	EndGlobalSection
	GlobalSection(ProjectConfigurationPlatforms) = postSolution
		{4F76290A-C514-4834-A5AF-C518097F09A4}.Debug|Any CPU.ActiveCfg = Debug|Any CPU
		{4F76290A-C514-4834-A5AF-C518097F09A4}.Debug|Any CPU.Build.0 = Debug|Any CPU
		{4F76290A-C514-4834-A5AF-C518097F09A4}.Release|Any CPU.ActiveCfg = Release|Any CPU
		{4F76290A-C514-4834-A5AF-C518097F09A4}.Release|Any CPU.Build.0 = Release|Any CPU
		{E4F28634-28AB-41EB-805B-D258440ACF09}.Debug|Any CPU.ActiveCfg = Debug|Any CPU
		{E4F28634-28AB-41EB-805B-D258440ACF09}.Debug|Any CPU.Build.0 = Debug|Any CPU
		{E4F28634-28AB-41EB-805B-D258440ACF09}.Release|Any CPU.ActiveCfg = Release|Any CPU
		{E4F28634-28AB-41EB-805B-D258440ACF09}.Release|Any CPU.Build.0 = Release|Any CPU
	EndGlobalSection
	GlobalSection(SolutionProperties) = preSolution
		HideSolutionNode = FALSE
	EndGlobalSection
	GlobalSection(ExtensibilityGlobals) = postSolution
		SolutionGuid = {57C8744B-145D-4000-BAD2-B2AA059699F9}
	EndGlobalSection
EndGlobal
